
Microsoft Visual Studio Solution File, Format Version 12.00
# Visual Studio Version 16
VisualStudioVersion = 16.0.29613.14
MinimumVisualStudioVersion = 10.0.40219.1
Project("{FAE04EC0-301F-11D3-BF4B-00C04F79EFBC}") = "EWS.ManagedAPI.Samples", "EWS.ManagedAPI.Samples.csproj", "{7F8655DF-F8C8-4691-9607-7DCCF3B54A98}"
EndProject
Global
	GlobalSection(SolutionConfigurationPlatforms) = preSolution
		Debug|Any CPU = Debug|Any CPU
		Release|Any CPU = Release|Any CPU
	EndGlobalSection
	GlobalSection(ProjectConfigurationPlatforms) = postSolution
		{7F8655DF-F8C8-4691-9607-7DCCF3B54A98}.Debug|Any CPU.ActiveCfg = Debug|Any CPU
		{7F8655DF-F8C8-4691-9607-7DCCF3B54A98}.Debug|Any CPU.Build.0 = Debug|Any CPU
		{7F8655DF-F8C8-4691-9607-7DCCF3B54A98}.Release|Any CPU.ActiveCfg = Release|Any CPU
		{7F8655DF-F8C8-4691-9607-7DCCF3B54A98}.Release|Any CPU.Build.0 = Release|Any CPU
	EndGlobalSection
	GlobalSection(SolutionProperties) = preSolution
		HideSolutionNode = FALSE
	EndGlobalSection
	GlobalSection(ExtensibilityGlobals) = postSolution
		SolutionGuid = {6A2291BF-C989-4655-8372-E72A9C990CEA}
	EndGlobalSection
EndGlobal
